// !$*UTF8*$!
{
	archiveVersion = 1;
	classes = {
	};
	objectVersion = 51;
	objects = {

/* Begin PBXBuildFile section */
		5971C454243D17AA00BA8B59 /* AppDelegate.swift in Sources */ = {isa = PBXBuildFile; fileRef = 5971C453243D17AA00BA8B59 /* AppDelegate.swift */; };
		5971C45B243D17AA00BA8B59 /* Main.storyboard in Resources */ = {isa = PBXBuildFile; fileRef = 5971C459243D17AA00BA8B59 /* Main.storyboard */; };
		5971C45D243D17AD00BA8B59 /* Assets.xcassets in Resources */ = {isa = PBXBuildFile; fileRef = 5971C45C243D17AD00BA8B59 /* Assets.xcassets */; };
		5971C460243D17AD00BA8B59 /* LaunchScreen.storyboard in Resources */ = {isa = PBXBuildFile; fileRef = 5971C45E243D17AD00BA8B59 /* LaunchScreen.storyboard */; };
		5971C46C243D202900BA8B59 /* CharactersAPI.swift in Sources */ = {isa = PBXBuildFile; fileRef = 5971C46B243D202900BA8B59 /* CharactersAPI.swift */; };
		5971C471243F578E00BA8B59 /* MarvelRequestProtocol.swift in Sources */ = {isa = PBXBuildFile; fileRef = 5971C470243F578E00BA8B59 /* MarvelRequestProtocol.swift */; };
		5971C473243F581500BA8B59 /* MarvelRequest.swift in Sources */ = {isa = PBXBuildFile; fileRef = 5971C472243F581500BA8B59 /* MarvelRequest.swift */; };
		5971C476243F59B800BA8B59 /* DataManager.swift in Sources */ = {isa = PBXBuildFile; fileRef = 5971C475243F59B800BA8B59 /* DataManager.swift */; };
		5971C47C243F657000BA8B59 /* CharactersListViewController.swift in Sources */ = {isa = PBXBuildFile; fileRef = 5971C47B243F657000BA8B59 /* CharactersListViewController.swift */; };
		5971C482243F67B900BA8B59 /* MarvelNavigationController.swift in Sources */ = {isa = PBXBuildFile; fileRef = 5971C481243F67B900BA8B59 /* MarvelNavigationController.swift */; };
		5971C484243F692000BA8B59 /* Colors.xcassets in Resources */ = {isa = PBXBuildFile; fileRef = 5971C483243F692000BA8B59 /* Colors.xcassets */; };
		5971C486243F742B00BA8B59 /* MarvelCharacter.swift in Sources */ = {isa = PBXBuildFile; fileRef = 5971C485243F742B00BA8B59 /* MarvelCharacter.swift */; };
		5971C488243FAC8000BA8B59 /* CharactersListViewModel.swift in Sources */ = {isa = PBXBuildFile; fileRef = 5971C487243FAC8000BA8B59 /* CharactersListViewModel.swift */; };
		5971C48A243FBAFE00BA8B59 /* CharacterCollectionViewCell.swift in Sources */ = {isa = PBXBuildFile; fileRef = 5971C489243FBAFE00BA8B59 /* CharacterCollectionViewCell.swift */; };
		5971C48D243FBE0100BA8B59 /* CharacterCollectionViewCell.xib in Resources */ = {isa = PBXBuildFile; fileRef = 5971C48C243FBE0100BA8B59 /* CharacterCollectionViewCell.xib */; };
		5971C49224449A9400BA8B59 /* Colors.swift in Sources */ = {isa = PBXBuildFile; fileRef = 5971C49124449A9400BA8B59 /* Colors.swift */; };
		5971C4942444A14800BA8B59 /* UINavigationController+Extension.swift in Sources */ = {isa = PBXBuildFile; fileRef = 5971C4932444A14800BA8B59 /* UINavigationController+Extension.swift */; };
		5971C4972444F56700BA8B59 /* CharacterDetailViewController.swift in Sources */ = {isa = PBXBuildFile; fileRef = 5971C4962444F56700BA8B59 /* CharacterDetailViewController.swift */; };
		5971C4992445E47D00BA8B59 /* UIViewController+Extension.swift in Sources */ = {isa = PBXBuildFile; fileRef = 5971C4982445E47D00BA8B59 /* UIViewController+Extension.swift */; };
		5971C49B2446021300BA8B59 /* PriciestCharacterHQViewController.swift in Sources */ = {isa = PBXBuildFile; fileRef = 5971C49A2446021300BA8B59 /* PriciestCharacterHQViewController.swift */; };
		5971C49D2446054300BA8B59 /* PriciestCharacterHQViewModel.swift in Sources */ = {isa = PBXBuildFile; fileRef = 5971C49C2446054300BA8B59 /* PriciestCharacterHQViewModel.swift */; };
		5971C49F2446057600BA8B59 /* MarvelHQ.swift in Sources */ = {isa = PBXBuildFile; fileRef = 5971C49E2446057600BA8B59 /* MarvelHQ.swift */; };
		DB7E4A7A4A984FA88674B7DB /* Pods_desafio_ios_romulo_mantovani.framework in Frameworks */ = {isa = PBXBuildFile; fileRef = CD04EC0091E7D36D25FE9ABE /* Pods_desafio_ios_romulo_mantovani.framework */; };
/* End PBXBuildFile section */

/* Begin PBXFileReference section */
		0ECC815A29D934F81DDF401D /* Pods-desafio-ios-romulo-mantovani.release.xcconfig */ = {isa = PBXFileReference; includeInIndex = 1; lastKnownFileType = text.xcconfig; name = "Pods-desafio-ios-romulo-mantovani.release.xcconfig"; path = "Target Support Files/Pods-desafio-ios-romulo-mantovani/Pods-desafio-ios-romulo-mantovani.release.xcconfig"; sourceTree = "<group>"; };
		5971C450243D17AA00BA8B59 /* desafio-ios-romulo-mantovani.app */ = {isa = PBXFileReference; explicitFileType = wrapper.application; includeInIndex = 0; path = "desafio-ios-romulo-mantovani.app"; sourceTree = BUILT_PRODUCTS_DIR; };
		5971C453243D17AA00BA8B59 /* AppDelegate.swift */ = {isa = PBXFileReference; lastKnownFileType = sourcecode.swift; path = AppDelegate.swift; sourceTree = "<group>"; };
		5971C45A243D17AA00BA8B59 /* Base */ = {isa = PBXFileReference; lastKnownFileType = file.storyboard; name = Base; path = Base.lproj/Main.storyboard; sourceTree = "<group>"; };
		5971C45C243D17AD00BA8B59 /* Assets.xcassets */ = {isa = PBXFileReference; lastKnownFileType = folder.assetcatalog; path = Assets.xcassets; sourceTree = "<group>"; };
		5971C45F243D17AD00BA8B59 /* Base */ = {isa = PBXFileReference; lastKnownFileType = file.storyboard; name = Base; path = Base.lproj/LaunchScreen.storyboard; sourceTree = "<group>"; };
		5971C461243D17AD00BA8B59 /* Info.plist */ = {isa = PBXFileReference; lastKnownFileType = text.plist.xml; path = Info.plist; sourceTree = "<group>"; };
		5971C46B243D202900BA8B59 /* CharactersAPI.swift */ = {isa = PBXFileReference; lastKnownFileType = sourcecode.swift; path = CharactersAPI.swift; sourceTree = "<group>"; };
		5971C470243F578E00BA8B59 /* MarvelRequestProtocol.swift */ = {isa = PBXFileReference; lastKnownFileType = sourcecode.swift; path = MarvelRequestProtocol.swift; sourceTree = "<group>"; };
		5971C472243F581500BA8B59 /* MarvelRequest.swift */ = {isa = PBXFileReference; lastKnownFileType = sourcecode.swift; path = MarvelRequest.swift; sourceTree = "<group>"; };
		5971C475243F59B800BA8B59 /* DataManager.swift */ = {isa = PBXFileReference; lastKnownFileType = sourcecode.swift; path = DataManager.swift; sourceTree = "<group>"; };
		5971C47B243F657000BA8B59 /* CharactersListViewController.swift */ = {isa = PBXFileReference; lastKnownFileType = sourcecode.swift; path = CharactersListViewController.swift; sourceTree = "<group>"; };
		5971C481243F67B900BA8B59 /* MarvelNavigationController.swift */ = {isa = PBXFileReference; lastKnownFileType = sourcecode.swift; path = MarvelNavigationController.swift; sourceTree = "<group>"; };
		5971C483243F692000BA8B59 /* Colors.xcassets */ = {isa = PBXFileReference; lastKnownFileType = folder.assetcatalog; path = Colors.xcassets; sourceTree = "<group>"; };
		5971C485243F742B00BA8B59 /* MarvelCharacter.swift */ = {isa = PBXFileReference; lastKnownFileType = sourcecode.swift; path = MarvelCharacter.swift; sourceTree = "<group>"; };
		5971C487243FAC8000BA8B59 /* CharactersListViewModel.swift */ = {isa = PBXFileReference; lastKnownFileType = sourcecode.swift; path = CharactersListViewModel.swift; sourceTree = "<group>"; };
		5971C489243FBAFE00BA8B59 /* CharacterCollectionViewCell.swift */ = {isa = PBXFileReference; lastKnownFileType = sourcecode.swift; path = CharacterCollectionViewCell.swift; sourceTree = "<group>"; };
		5971C48C243FBE0100BA8B59 /* CharacterCollectionViewCell.xib */ = {isa = PBXFileReference; lastKnownFileType = file.xib; path = CharacterCollectionViewCell.xib; sourceTree = "<group>"; };
		5971C49124449A9400BA8B59 /* Colors.swift */ = {isa = PBXFileReference; lastKnownFileType = sourcecode.swift; path = Colors.swift; sourceTree = "<group>"; };
		5971C4932444A14800BA8B59 /* UINavigationController+Extension.swift */ = {isa = PBXFileReference; lastKnownFileType = sourcecode.swift; path = "UINavigationController+Extension.swift"; sourceTree = "<group>"; };
		5971C4962444F56700BA8B59 /* CharacterDetailViewController.swift */ = {isa = PBXFileReference; lastKnownFileType = sourcecode.swift; path = CharacterDetailViewController.swift; sourceTree = "<group>"; };
		5971C4982445E47D00BA8B59 /* UIViewController+Extension.swift */ = {isa = PBXFileReference; lastKnownFileType = sourcecode.swift; path = "UIViewController+Extension.swift"; sourceTree = "<group>"; };
		5971C49A2446021300BA8B59 /* PriciestCharacterHQViewController.swift */ = {isa = PBXFileReference; lastKnownFileType = sourcecode.swift; path = PriciestCharacterHQViewController.swift; sourceTree = "<group>"; };
		5971C49C2446054300BA8B59 /* PriciestCharacterHQViewModel.swift */ = {isa = PBXFileReference; lastKnownFileType = sourcecode.swift; path = PriciestCharacterHQViewModel.swift; sourceTree = "<group>"; };
		5971C49E2446057600BA8B59 /* MarvelHQ.swift */ = {isa = PBXFileReference; lastKnownFileType = sourcecode.swift; path = MarvelHQ.swift; sourceTree = "<group>"; };
		CD04EC0091E7D36D25FE9ABE /* Pods_desafio_ios_romulo_mantovani.framework */ = {isa = PBXFileReference; explicitFileType = wrapper.framework; includeInIndex = 0; path = Pods_desafio_ios_romulo_mantovani.framework; sourceTree = BUILT_PRODUCTS_DIR; };
		E42D0CE8FEAB05F526D8189B /* Pods-desafio-ios-romulo-mantovani.debug.xcconfig */ = {isa = PBXFileReference; includeInIndex = 1; lastKnownFileType = text.xcconfig; name = "Pods-desafio-ios-romulo-mantovani.debug.xcconfig"; path = "Target Support Files/Pods-desafio-ios-romulo-mantovani/Pods-desafio-ios-romulo-mantovani.debug.xcconfig"; sourceTree = "<group>"; };
/* End PBXFileReference section */

/* Begin PBXFrameworksBuildPhase section */
		5971C44D243D17AA00BA8B59 /* Frameworks */ = {
			isa = PBXFrameworksBuildPhase;
			buildActionMask = 2147483647;
			files = (
				DB7E4A7A4A984FA88674B7DB /* Pods_desafio_ios_romulo_mantovani.framework in Frameworks */,
			);
			runOnlyForDeploymentPostprocessing = 0;
		};
/* End PBXFrameworksBuildPhase section */

/* Begin PBXGroup section */
		5971C447243D17AA00BA8B59 = {
			isa = PBXGroup;
			children = (
				5971C452243D17AA00BA8B59 /* desafio-ios-romulo-mantovani */,
				5971C451243D17AA00BA8B59 /* Products */,
				60F9056A08150CF358EAB605 /* Pods */,
				D59FC90F2E9EFBAFE68A2C87 /* Frameworks */,
			);
			sourceTree = "<group>";
		};
		5971C451243D17AA00BA8B59 /* Products */ = {
			isa = PBXGroup;
			children = (
				5971C450243D17AA00BA8B59 /* desafio-ios-romulo-mantovani.app */,
			);
			name = Products;
			sourceTree = "<group>";
		};
		5971C452243D17AA00BA8B59 /* desafio-ios-romulo-mantovani */ = {
			isa = PBXGroup;
			children = (
				5971C468243D1D3400BA8B59 /* Assets */,
				5971C46D243F56EB00BA8B59 /* Commons */,
				5971C469243D1D5100BA8B59 /* Configs */,
				5971C467243D1CEE00BA8B59 /* Networking */,
				5971C46A243D1EBD00BA8B59 /* Sections */,
				5971C47F243F674800BA8B59 /* Support */,
			);
			path = "desafio-ios-romulo-mantovani";
			sourceTree = "<group>";
		};
		5971C467243D1CEE00BA8B59 /* Networking */ = {
			isa = PBXGroup;
			children = (
				5971C46B243D202900BA8B59 /* CharactersAPI.swift */,
			);
			path = Networking;
			sourceTree = "<group>";
		};
		5971C468243D1D3400BA8B59 /* Assets */ = {
			isa = PBXGroup;
			children = (
				5971C45C243D17AD00BA8B59 /* Assets.xcassets */,
				5971C483243F692000BA8B59 /* Colors.xcassets */,
				5971C49124449A9400BA8B59 /* Colors.swift */,
			);
			path = Assets;
			sourceTree = "<group>";
		};
		5971C469243D1D5100BA8B59 /* Configs */ = {
			isa = PBXGroup;
			children = (
				5971C474243F598600BA8B59 /* Managers */,
				5971C453243D17AA00BA8B59 /* AppDelegate.swift */,
				5971C461243D17AD00BA8B59 /* Info.plist */,
				5971C45E243D17AD00BA8B59 /* LaunchScreen.storyboard */,
				5971C459243D17AA00BA8B59 /* Main.storyboard */,
			);
			path = Configs;
			sourceTree = "<group>";
		};
		5971C46A243D1EBD00BA8B59 /* Sections */ = {
			isa = PBXGroup;
			children = (
				5971C477243F652C00BA8B59 /* Characters */,
			);
			path = Sections;
			sourceTree = "<group>";
		};
		5971C46D243F56EB00BA8B59 /* Commons */ = {
			isa = PBXGroup;
			children = (
				5971C46F243F575100BA8B59 /* Implementation */,
				5971C46E243F573F00BA8B59 /* Interface */,
			);
			path = Commons;
			sourceTree = "<group>";
		};
		5971C46E243F573F00BA8B59 /* Interface */ = {
			isa = PBXGroup;
			children = (
				5971C47E243F670C00BA8B59 /* Networking */,
			);
			path = Interface;
			sourceTree = "<group>";
		};
		5971C46F243F575100BA8B59 /* Implementation */ = {
			isa = PBXGroup;
			children = (
				5971C47D243F66FB00BA8B59 /* Networking */,
			);
			path = Implementation;
			sourceTree = "<group>";
		};
		5971C474243F598600BA8B59 /* Managers */ = {
			isa = PBXGroup;
			children = (
				5971C475243F59B800BA8B59 /* DataManager.swift */,
			);
			path = Managers;
			sourceTree = "<group>";
		};
		5971C477243F652C00BA8B59 /* Characters */ = {
			isa = PBXGroup;
			children = (
				5971C47A243F655600BA8B59 /* Model */,
				5971C479243F655000BA8B59 /* ViewModel */,
				5971C478243F654900BA8B59 /* View */,
			);
			path = Characters;
			sourceTree = "<group>";
		};
		5971C478243F654900BA8B59 /* View */ = {
			isa = PBXGroup;
			children = (
				5971C48B243FBDD000BA8B59 /* Custom */,
				5971C47B243F657000BA8B59 /* CharactersListViewController.swift */,
				5971C4962444F56700BA8B59 /* CharacterDetailViewController.swift */,
				5971C49A2446021300BA8B59 /* PriciestCharacterHQViewController.swift */,
			);
			path = View;
			sourceTree = "<group>";
		};
		5971C479243F655000BA8B59 /* ViewModel */ = {
			isa = PBXGroup;
			children = (
				5971C487243FAC8000BA8B59 /* CharactersListViewModel.swift */,
				5971C49C2446054300BA8B59 /* PriciestCharacterHQViewModel.swift */,
			);
			path = ViewModel;
			sourceTree = "<group>";
		};
		5971C47A243F655600BA8B59 /* Model */ = {
			isa = PBXGroup;
			children = (
				5971C485243F742B00BA8B59 /* MarvelCharacter.swift */,
				5971C49E2446057600BA8B59 /* MarvelHQ.swift */,
			);
			path = Model;
			sourceTree = "<group>";
		};
		5971C47D243F66FB00BA8B59 /* Networking */ = {
			isa = PBXGroup;
			children = (
				5971C472243F581500BA8B59 /* MarvelRequest.swift */,
			);
			path = Networking;
			sourceTree = "<group>";
		};
		5971C47E243F670C00BA8B59 /* Networking */ = {
			isa = PBXGroup;
			children = (
				5971C470243F578E00BA8B59 /* MarvelRequestProtocol.swift */,
			);
			path = Networking;
			sourceTree = "<group>";
		};
		5971C47F243F674800BA8B59 /* Support */ = {
			isa = PBXGroup;
			children = (
				5971C48E2444981C00BA8B59 /* Helpers+Extensions */,
				5971C480243F675000BA8B59 /* Components */,
			);
			path = Support;
			sourceTree = "<group>";
		};
		5971C480243F675000BA8B59 /* Components */ = {
			isa = PBXGroup;
			children = (
				5971C481243F67B900BA8B59 /* MarvelNavigationController.swift */,
			);
			path = Components;
			sourceTree = "<group>";
		};
		5971C48B243FBDD000BA8B59 /* Custom */ = {
			isa = PBXGroup;
			children = (
				5971C489243FBAFE00BA8B59 /* CharacterCollectionViewCell.swift */,
				5971C48C243FBE0100BA8B59 /* CharacterCollectionViewCell.xib */,
			);
			path = Custom;
			sourceTree = "<group>";
		};
		5971C48E2444981C00BA8B59 /* Helpers+Extensions */ = {
			isa = PBXGroup;
			children = (
				5971C4932444A14800BA8B59 /* UINavigationController+Extension.swift */,
				5971C4982445E47D00BA8B59 /* UIViewController+Extension.swift */,
			);
			path = "Helpers+Extensions";
			sourceTree = "<group>";
		};
		60F9056A08150CF358EAB605 /* Pods */ = {
			isa = PBXGroup;
			children = (
				E42D0CE8FEAB05F526D8189B /* Pods-desafio-ios-romulo-mantovani.debug.xcconfig */,
				0ECC815A29D934F81DDF401D /* Pods-desafio-ios-romulo-mantovani.release.xcconfig */,
			);
			path = Pods;
			sourceTree = "<group>";
		};
		D59FC90F2E9EFBAFE68A2C87 /* Frameworks */ = {
			isa = PBXGroup;
			children = (
				CD04EC0091E7D36D25FE9ABE /* Pods_desafio_ios_romulo_mantovani.framework */,
			);
			name = Frameworks;
			sourceTree = "<group>";
		};
/* End PBXGroup section */

/* Begin PBXNativeTarget section */
		5971C44F243D17AA00BA8B59 /* desafio-ios-romulo-mantovani */ = {
			isa = PBXNativeTarget;
			buildConfigurationList = 5971C464243D17AD00BA8B59 /* Build configuration list for PBXNativeTarget "desafio-ios-romulo-mantovani" */;
			buildPhases = (
				096C88A94DE3C2C019CA1B27 /* [CP] Check Pods Manifest.lock */,
				5971C44C243D17AA00BA8B59 /* Sources */,
				5971C44D243D17AA00BA8B59 /* Frameworks */,
				5971C44E243D17AA00BA8B59 /* Resources */,
				31EA39FA799B81374D569D8F /* [CP] Embed Pods Frameworks */,
			);
			buildRules = (
			);
			dependencies = (
			);
			name = "desafio-ios-romulo-mantovani";
			productName = "desafio-ios-romulo-mantovani";
			productReference = 5971C450243D17AA00BA8B59 /* desafio-ios-romulo-mantovani.app */;
			productType = "com.apple.product-type.application";
		};
/* End PBXNativeTarget section */

/* Begin PBXProject section */
		5971C448243D17AA00BA8B59 /* Project object */ = {
			isa = PBXProject;
			attributes = {
				LastSwiftUpdateCheck = 1110;
				LastUpgradeCheck = 1110;
				ORGANIZATIONNAME = "Romulo Bittencourt Mantovani";
				TargetAttributes = {
					5971C44F243D17AA00BA8B59 = {
						CreatedOnToolsVersion = 11.1;
					};
				};
			};
			buildConfigurationList = 5971C44B243D17AA00BA8B59 /* Build configuration list for PBXProject "desafio-ios-romulo-mantovani" */;
			compatibilityVersion = "Xcode 9.3";
			developmentRegion = en;
			hasScannedForEncodings = 0;
			knownRegions = (
				en,
				Base,
			);
			mainGroup = 5971C447243D17AA00BA8B59;
			productRefGroup = 5971C451243D17AA00BA8B59 /* Products */;
			projectDirPath = "";
			projectRoot = "";
			targets = (
				5971C44F243D17AA00BA8B59 /* desafio-ios-romulo-mantovani */,
			);
		};
/* End PBXProject section */

/* Begin PBXResourcesBuildPhase section */
		5971C44E243D17AA00BA8B59 /* Resources */ = {
			isa = PBXResourcesBuildPhase;
			buildActionMask = 2147483647;
			files = (
				5971C460243D17AD00BA8B59 /* LaunchScreen.storyboard in Resources */,
				5971C484243F692000BA8B59 /* Colors.xcassets in Resources */,
				5971C45D243D17AD00BA8B59 /* Assets.xcassets in Resources */,
				5971C48D243FBE0100BA8B59 /* CharacterCollectionViewCell.xib in Resources */,
				5971C45B243D17AA00BA8B59 /* Main.storyboard in Resources */,
			);
			runOnlyForDeploymentPostprocessing = 0;
		};
/* End PBXResourcesBuildPhase section */

/* Begin PBXShellScriptBuildPhase section */
		096C88A94DE3C2C019CA1B27 /* [CP] Check Pods Manifest.lock */ = {
			isa = PBXShellScriptBuildPhase;
			buildActionMask = 2147483647;
			files = (
			);
			inputFileListPaths = (
			);
			inputPaths = (
				"${PODS_PODFILE_DIR_PATH}/Podfile.lock",
				"${PODS_ROOT}/Manifest.lock",
			);
			name = "[CP] Check Pods Manifest.lock";
			outputFileListPaths = (
			);
			outputPaths = (
				"$(DERIVED_FILE_DIR)/Pods-desafio-ios-romulo-mantovani-checkManifestLockResult.txt",
			);
			runOnlyForDeploymentPostprocessing = 0;
			shellPath = /bin/sh;
			shellScript = "diff \"${PODS_PODFILE_DIR_PATH}/Podfile.lock\" \"${PODS_ROOT}/Manifest.lock\" > /dev/null\nif [ $? != 0 ] ; then\n    # print error to STDERR\n    echo \"error: The sandbox is not in sync with the Podfile.lock. Run 'pod install' or update your CocoaPods installation.\" >&2\n    exit 1\nfi\n# This output is used by Xcode 'outputs' to avoid re-running this script phase.\necho \"SUCCESS\" > \"${SCRIPT_OUTPUT_FILE_0}\"\n";
			showEnvVarsInLog = 0;
		};
		31EA39FA799B81374D569D8F /* [CP] Embed Pods Frameworks */ = {
			isa = PBXShellScriptBuildPhase;
			buildActionMask = 2147483647;
			files = (
			);
			inputFileListPaths = (
				"${PODS_ROOT}/Target Support Files/Pods-desafio-ios-romulo-mantovani/Pods-desafio-ios-romulo-mantovani-frameworks-${CONFIGURATION}-input-files.xcfilelist",
			);
			name = "[CP] Embed Pods Frameworks";
			outputFileListPaths = (
				"${PODS_ROOT}/Target Support Files/Pods-desafio-ios-romulo-mantovani/Pods-desafio-ios-romulo-mantovani-frameworks-${CONFIGURATION}-output-files.xcfilelist",
			);
			runOnlyForDeploymentPostprocessing = 0;
			shellPath = /bin/sh;
			shellScript = "\"${PODS_ROOT}/Target Support Files/Pods-desafio-ios-romulo-mantovani/Pods-desafio-ios-romulo-mantovani-frameworks.sh\"\n";
			showEnvVarsInLog = 0;
		};
/* End PBXShellScriptBuildPhase section */

/* Begin PBXSourcesBuildPhase section */
		5971C44C243D17AA00BA8B59 /* Sources */ = {
			isa = PBXSourcesBuildPhase;
			buildActionMask = 2147483647;
			files = (
				5971C48A243FBAFE00BA8B59 /* CharacterCollectionViewCell.swift in Sources */,
				5971C49B2446021300BA8B59 /* PriciestCharacterHQViewController.swift in Sources */,
				5971C49224449A9400BA8B59 /* Colors.swift in Sources */,
				5971C488243FAC8000BA8B59 /* CharactersListViewModel.swift in Sources */,
				5971C4992445E47D00BA8B59 /* UIViewController+Extension.swift in Sources */,
				5971C46C243D202900BA8B59 /* CharactersAPI.swift in Sources */,
				5971C49F2446057600BA8B59 /* MarvelHQ.swift in Sources */,
				5971C476243F59B800BA8B59 /* DataManager.swift in Sources */,
				5971C4942444A14800BA8B59 /* UINavigationController+Extension.swift in Sources */,
				5971C47C243F657000BA8B59 /* CharactersListViewController.swift in Sources */,
				5971C486243F742B00BA8B59 /* MarvelCharacter.swift in Sources */,
				5971C49D2446054300BA8B59 /* PriciestCharacterHQViewModel.swift in Sources */,
				5971C482243F67B900BA8B59 /* MarvelNavigationController.swift in Sources */,
				5971C454243D17AA00BA8B59 /* AppDelegate.swift in Sources */,
				5971C4972444F56700BA8B59 /* CharacterDetailViewController.swift in Sources */,
				5971C473243F581500BA8B59 /* MarvelRequest.swift in Sources */,
				5971C471243F578E00BA8B59 /* MarvelRequestProtocol.swift in Sources */,
			);
			runOnlyForDeploymentPostprocessing = 0;
		};
/* End PBXSourcesBuildPhase section */

/* Begin PBXVariantGroup section */
		5971C459243D17AA00BA8B59 /* Main.storyboard */ = {
			isa = PBXVariantGroup;
			children = (
				5971C45A243D17AA00BA8B59 /* Base */,
			);
			name = Main.storyboard;
			sourceTree = "<group>";
		};
		5971C45E243D17AD00BA8B59 /* LaunchScreen.storyboard */ = {
			isa = PBXVariantGroup;
			children = (
				5971C45F243D17AD00BA8B59 /* Base */,
			);
			name = LaunchScreen.storyboard;
			sourceTree = "<group>";
		};
/* End PBXVariantGroup section */

/* Begin XCBuildConfiguration section */
		5971C462243D17AD00BA8B59 /* Debug */ = {
			isa = XCBuildConfiguration;
			buildSettings = {
				ALWAYS_SEARCH_USER_PATHS = NO;
				CLANG_ANALYZER_NONNULL = YES;
				CLANG_ANALYZER_NUMBER_OBJECT_CONVERSION = YES_AGGRESSIVE;
				CLANG_CXX_LANGUAGE_STANDARD = "gnu++14";
				CLANG_CXX_LIBRARY = "libc++";
				CLANG_ENABLE_MODULES = YES;
				CLANG_ENABLE_OBJC_ARC = YES;
				CLANG_ENABLE_OBJC_WEAK = YES;
				CLANG_WARN_BLOCK_CAPTURE_AUTORELEASING = YES;
				CLANG_WARN_BOOL_CONVERSION = YES;
				CLANG_WARN_COMMA = YES;
				CLANG_WARN_CONSTANT_CONVERSION = YES;
				CLANG_WARN_DEPRECATED_OBJC_IMPLEMENTATIONS = YES;
				CLANG_WARN_DIRECT_OBJC_ISA_USAGE = YES_ERROR;
				CLANG_WARN_DOCUMENTATION_COMMENTS = YES;
				CLANG_WARN_EMPTY_BODY = YES;
				CLANG_WARN_ENUM_CONVERSION = YES;
				CLANG_WARN_INFINITE_RECURSION = YES;
				CLANG_WARN_INT_CONVERSION = YES;
				CLANG_WARN_NON_LITERAL_NULL_CONVERSION = YES;
				CLANG_WARN_OBJC_IMPLICIT_RETAIN_SELF = YES;
				CLANG_WARN_OBJC_LITERAL_CONVERSION = YES;
				CLANG_WARN_OBJC_ROOT_CLASS = YES_ERROR;
				CLANG_WARN_RANGE_LOOP_ANALYSIS = YES;
				CLANG_WARN_STRICT_PROTOTYPES = YES;
				CLANG_WARN_SUSPICIOUS_MOVE = YES;
				CLANG_WARN_UNGUARDED_AVAILABILITY = YES_AGGRESSIVE;
				CLANG_WARN_UNREACHABLE_CODE = YES;
				CLANG_WARN__DUPLICATE_METHOD_MATCH = YES;
				COPY_PHASE_STRIP = NO;
				DEBUG_INFORMATION_FORMAT = dwarf;
				ENABLE_STRICT_OBJC_MSGSEND = YES;
				ENABLE_TESTABILITY = YES;
				GCC_C_LANGUAGE_STANDARD = gnu11;
				GCC_DYNAMIC_NO_PIC = NO;
				GCC_NO_COMMON_BLOCKS = YES;
				GCC_OPTIMIZATION_LEVEL = 0;
				GCC_PREPROCESSOR_DEFINITIONS = (
					"DEBUG=1",
					"$(inherited)",
				);
				GCC_WARN_64_TO_32_BIT_CONVERSION = YES;
				GCC_WARN_ABOUT_RETURN_TYPE = YES_ERROR;
				GCC_WARN_UNDECLARED_SELECTOR = YES;
				GCC_WARN_UNINITIALIZED_AUTOS = YES_AGGRESSIVE;
				GCC_WARN_UNUSED_FUNCTION = YES;
				GCC_WARN_UNUSED_VARIABLE = YES;
				IPHONEOS_DEPLOYMENT_TARGET = 13.1;
				MTL_ENABLE_DEBUG_INFO = INCLUDE_SOURCE;
				MTL_FAST_MATH = YES;
				ONLY_ACTIVE_ARCH = YES;
				SDKROOT = iphoneos;
				SWIFT_ACTIVE_COMPILATION_CONDITIONS = DEBUG;
				SWIFT_OPTIMIZATION_LEVEL = "-Onone";
			};
			name = Debug;
		};
		5971C463243D17AD00BA8B59 /* Release */ = {
			isa = XCBuildConfiguration;
			buildSettings = {
				ALWAYS_SEARCH_USER_PATHS = NO;
				CLANG_ANALYZER_NONNULL = YES;
				CLANG_ANALYZER_NUMBER_OBJECT_CONVERSION = YES_AGGRESSIVE;
				CLANG_CXX_LANGUAGE_STANDARD = "gnu++14";
				CLANG_CXX_LIBRARY = "libc++";
				CLANG_ENABLE_MODULES = YES;
				CLANG_ENABLE_OBJC_ARC = YES;
				CLANG_ENABLE_OBJC_WEAK = YES;
				CLANG_WARN_BLOCK_CAPTURE_AUTORELEASING = YES;
				CLANG_WARN_BOOL_CONVERSION = YES;
				CLANG_WARN_COMMA = YES;
				CLANG_WARN_CONSTANT_CONVERSION = YES;
				CLANG_WARN_DEPRECATED_OBJC_IMPLEMENTATIONS = YES;
				CLANG_WARN_DIRECT_OBJC_ISA_USAGE = YES_ERROR;
				CLANG_WARN_DOCUMENTATION_COMMENTS = YES;
				CLANG_WARN_EMPTY_BODY = YES;
				CLANG_WARN_ENUM_CONVERSION = YES;
				CLANG_WARN_INFINITE_RECURSION = YES;
				CLANG_WARN_INT_CONVERSION = YES;
				CLANG_WARN_NON_LITERAL_NULL_CONVERSION = YES;
				CLANG_WARN_OBJC_IMPLICIT_RETAIN_SELF = YES;
				CLANG_WARN_OBJC_LITERAL_CONVERSION = YES;
				CLANG_WARN_OBJC_ROOT_CLASS = YES_ERROR;
				CLANG_WARN_RANGE_LOOP_ANALYSIS = YES;
				CLANG_WARN_STRICT_PROTOTYPES = YES;
				CLANG_WARN_SUSPICIOUS_MOVE = YES;
				CLANG_WARN_UNGUARDED_AVAILABILITY = YES_AGGRESSIVE;
				CLANG_WARN_UNREACHABLE_CODE = YES;
				CLANG_WARN__DUPLICATE_METHOD_MATCH = YES;
				COPY_PHASE_STRIP = NO;
				DEBUG_INFORMATION_FORMAT = "dwarf-with-dsym";
				ENABLE_NS_ASSERTIONS = NO;
				ENABLE_STRICT_OBJC_MSGSEND = YES;
				GCC_C_LANGUAGE_STANDARD = gnu11;
				GCC_NO_COMMON_BLOCKS = YES;
				GCC_WARN_64_TO_32_BIT_CONVERSION = YES;
				GCC_WARN_ABOUT_RETURN_TYPE = YES_ERROR;
				GCC_WARN_UNDECLARED_SELECTOR = YES;
				GCC_WARN_UNINITIALIZED_AUTOS = YES_AGGRESSIVE;
				GCC_WARN_UNUSED_FUNCTION = YES;
				GCC_WARN_UNUSED_VARIABLE = YES;
				IPHONEOS_DEPLOYMENT_TARGET = 13.1;
				MTL_ENABLE_DEBUG_INFO = NO;
				MTL_FAST_MATH = YES;
				SDKROOT = iphoneos;
				SWIFT_COMPILATION_MODE = wholemodule;
				SWIFT_OPTIMIZATION_LEVEL = "-O";
				VALIDATE_PRODUCT = YES;
			};
			name = Release;
		};
		5971C465243D17AD00BA8B59 /* Debug */ = {
			isa = XCBuildConfiguration;
			baseConfigurationReference = E42D0CE8FEAB05F526D8189B /* Pods-desafio-ios-romulo-mantovani.debug.xcconfig */;
			buildSettings = {
				ASSETCATALOG_COMPILER_APPICON_NAME = AppIcon;
				CODE_SIGN_STYLE = Automatic;
				DEVELOPMENT_TEAM = 5DJ2TMTT3A;
				INFOPLIST_FILE = "desafio-ios-romulo-mantovani/Configs/Info.plist";
				IPHONEOS_DEPLOYMENT_TARGET = 11.0;
				LD_RUNPATH_SEARCH_PATHS = (
					"$(inherited)",
					"@executable_path/Frameworks",
				);
				PRODUCT_BUNDLE_IDENTIFIER = "desafio-ios-romulo-mantovani.desafio-ios-romulo-mantovani";
				PRODUCT_NAME = "$(TARGET_NAME)";
				SWIFT_VERSION = 5.0;
				TARGETED_DEVICE_FAMILY = 1;
			};
			name = Debug;
		};
		5971C466243D17AD00BA8B59 /* Release */ = {
			isa = XCBuildConfiguration;
			baseConfigurationReference = 0ECC815A29D934F81DDF401D /* Pods-desafio-ios-romulo-mantovani.release.xcconfig */;
			buildSettings = {
				ASSETCATALOG_COMPILER_APPICON_NAME = AppIcon;
				CODE_SIGN_STYLE = Automatic;
				DEVELOPMENT_TEAM = 5DJ2TMTT3A;
				INFOPLIST_FILE = "desafio-ios-romulo-mantovani/Configs/Info.plist";
				IPHONEOS_DEPLOYMENT_TARGET = 11.0;
				LD_RUNPATH_SEARCH_PATHS = (
					"$(inherited)",
					"@executable_path/Frameworks",
				);
				PRODUCT_BUNDLE_IDENTIFIER = "desafio-ios-romulo-mantovani.desafio-ios-romulo-mantovani";
				PRODUCT_NAME = "$(TARGET_NAME)";
				SWIFT_VERSION = 5.0;
				TARGETED_DEVICE_FAMILY = 1;
			};
			name = Release;
		};
/* End XCBuildConfiguration section */

/* Begin XCConfigurationList section */
		5971C44B243D17AA00BA8B59 /* Build configuration list for PBXProject "desafio-ios-romulo-mantovani" */ = {
			isa = XCConfigurationList;
			buildConfigurations = (
				5971C462243D17AD00BA8B59 /* Debug */,
				5971C463243D17AD00BA8B59 /* Release */,
			);
			defaultConfigurationIsVisible = 0;
			defaultConfigurationName = Release;
		};
		5971C464243D17AD00BA8B59 /* Build configuration list for PBXNativeTarget "desafio-ios-romulo-mantovani" */ = {
			isa = XCConfigurationList;
			buildConfigurations = (
				5971C465243D17AD00BA8B59 /* Debug */,
				5971C466243D17AD00BA8B59 /* Release */,
			);
			defaultConfigurationIsVisible = 0;
			defaultConfigurationName = Release;
		};
/* End XCConfigurationList section */
	};
	rootObject = 5971C448243D17AA00BA8B59 /* Project object */;
}
